
Microsoft Visual Studio Solution File, Format Version 12.00
# Visual Studio 2013
VisualStudioVersion = 12.0.31101.0
MinimumVisualStudioVersion = 10.0.40219.1
Project("{FAE04EC0-301F-11D3-BF4B-00C04F79EFBC}") = "01.CalculateAndPrintSumAndAverageOfSequence", "CalculateAndPrintSumAndAverageOfSequence\01.CalculateAndPrintSumAndAverageOfSequence.csproj", "{BF580909-21B3-4AA3-B4ED-7BA4C5B37620}"
EndProject
Project("{FAE04EC0-301F-11D3-BF4B-00C04F79EFBC}") = "Helpers", "Helpers\Helpers.csproj", "{7445B7F6-5D57-47CD-85D1-9446DB1C3631}"
EndProject
Global
	GlobalSection(SolutionConfigurationPlatforms) = preSolution
		Debug|Any CPU = Debug|Any CPU
		Release|Any CPU = Release|Any CPU
	EndGlobalSection
	GlobalSection(ProjectConfigurationPlatforms) = postSolution
		{BF580909-21B3-4AA3-B4ED-7BA4C5B37620}.Debug|Any CPU.ActiveCfg = Debug|Any CPU
		{BF580909-21B3-4AA3-B4ED-7BA4C5B37620}.Debug|Any CPU.Build.0 = Debug|Any CPU
		{BF580909-21B3-4AA3-B4ED-7BA4C5B37620}.Release|Any CPU.ActiveCfg = Release|Any CPU
		{BF580909-21B3-4AA3-B4ED-7BA4C5B37620}.Release|Any CPU.Build.0 = Release|Any CPU
		{7445B7F6-5D57-47CD-85D1-9446DB1C3631}.Debug|Any CPU.ActiveCfg = Debug|Any CPU
		{7445B7F6-5D57-47CD-85D1-9446DB1C3631}.Debug|Any CPU.Build.0 = Debug|Any CPU
		{7445B7F6-5D57-47CD-85D1-9446DB1C3631}.Release|Any CPU.ActiveCfg = Release|Any CPU
		{7445B7F6-5D57-47CD-85D1-9446DB1C3631}.Release|Any CPU.Build.0 = Release|Any CPU
	EndGlobalSection
	GlobalSection(SolutionProperties) = preSolution
		HideSolutionNode = FALSE
	EndGlobalSection
EndGlobal
