
Microsoft Visual Studio Solution File, Format Version 12.00
# Visual Studio 2013
VisualStudioVersion = 12.0.31101.0
MinimumVisualStudioVersion = 10.0.40219.1
Project("{FAE04EC0-301F-11D3-BF4B-00C04F79EFBC}") = "ChangeSettingsInAccount", "ChangeSettingsInAccount\ChangeSettingsInAccount.csproj", "{314BB973-D4E2-45D6-B617-F56F6B72CE34}"
EndProject
Project("{2150E333-8FDC-42A3-9474-1A3956D46DE8}") = ".nuget", ".nuget", "{CFFD3826-542B-47D6-984A-42FD8B101DB4}"
	ProjectSection(SolutionItems) = preProject
		.nuget\packages.config = .nuget\packages.config
	EndProjectSection
EndProject
Global
	GlobalSection(SolutionConfigurationPlatforms) = preSolution
		Debug|Any CPU = Debug|Any CPU
		Release|Any CPU = Release|Any CPU
	EndGlobalSection
	GlobalSection(ProjectConfigurationPlatforms) = postSolution
		{314BB973-D4E2-45D6-B617-F56F6B72CE34}.Debug|Any CPU.ActiveCfg = Debug|Any CPU
		{314BB973-D4E2-45D6-B617-F56F6B72CE34}.Debug|Any CPU.Build.0 = Debug|Any CPU
		{314BB973-D4E2-45D6-B617-F56F6B72CE34}.Release|Any CPU.ActiveCfg = Release|Any CPU
		{314BB973-D4E2-45D6-B617-F56F6B72CE34}.Release|Any CPU.Build.0 = Release|Any CPU
	EndGlobalSection
	GlobalSection(SolutionProperties) = preSolution
		HideSolutionNode = FALSE
	EndGlobalSection
EndGlobal
