
Microsoft Visual Studio Solution File, Format Version 12.00
# Visual Studio 2013
VisualStudioVersion = 12.0.31101.0
MinimumVisualStudioVersion = 10.0.40219.1
Project("{FAE04EC0-301F-11D3-BF4B-00C04F79EFBC}") = "HTMLTemplates", "HTMLTemplates\HTMLTemplates.csproj", "{806830D6-F585-49C0-BD83-507DA524ED7D}"
EndProject
Global
	GlobalSection(SolutionConfigurationPlatforms) = preSolution
		Debug|Any CPU = Debug|Any CPU
		Release|Any CPU = Release|Any CPU
	EndGlobalSection
	GlobalSection(ProjectConfigurationPlatforms) = postSolution
		{806830D6-F585-49C0-BD83-507DA524ED7D}.Debug|Any CPU.ActiveCfg = Debug|Any CPU
		{806830D6-F585-49C0-BD83-507DA524ED7D}.Debug|Any CPU.Build.0 = Debug|Any CPU
		{806830D6-F585-49C0-BD83-507DA524ED7D}.Release|Any CPU.ActiveCfg = Release|Any CPU
		{806830D6-F585-49C0-BD83-507DA524ED7D}.Release|Any CPU.Build.0 = Release|Any CPU
	EndGlobalSection
	GlobalSection(SolutionProperties) = preSolution
		HideSolutionNode = FALSE
	EndGlobalSection
EndGlobal
