
Microsoft Visual Studio Solution File, Format Version 12.00
# Visual Studio 2013
VisualStudioVersion = 12.0.31101.0
MinimumVisualStudioVersion = 10.0.40219.1
Project("{FAE04EC0-301F-11D3-BF4B-00C04F79EFBC}") = "01-04.Structure", "Structure\01-04.Structure.csproj", "{1E860FEC-4425-4C20-9856-FA0E628EB3C7}"
EndProject
Project("{FAE04EC0-301F-11D3-BF4B-00C04F79EFBC}") = "05-07.Generics", "Generics\05-07.Generics.csproj", "{4B27D011-A518-471B-A224-B89BFD8F92CA}"
EndProject
Project("{FAE04EC0-301F-11D3-BF4B-00C04F79EFBC}") = "08-10.Matrixes", "Matrixes\08-10.Matrixes.csproj", "{EB8F2D0B-5C98-4033-B1A9-9E0C0CEB75A7}"
EndProject
Global
	GlobalSection(SolutionConfigurationPlatforms) = preSolution
		Debug|Any CPU = Debug|Any CPU
		Release|Any CPU = Release|Any CPU
	EndGlobalSection
	GlobalSection(ProjectConfigurationPlatforms) = postSolution
		{1E860FEC-4425-4C20-9856-FA0E628EB3C7}.Debug|Any CPU.ActiveCfg = Debug|Any CPU
		{1E860FEC-4425-4C20-9856-FA0E628EB3C7}.Debug|Any CPU.Build.0 = Debug|Any CPU
		{1E860FEC-4425-4C20-9856-FA0E628EB3C7}.Release|Any CPU.ActiveCfg = Release|Any CPU
		{1E860FEC-4425-4C20-9856-FA0E628EB3C7}.Release|Any CPU.Build.0 = Release|Any CPU
		{4B27D011-A518-471B-A224-B89BFD8F92CA}.Debug|Any CPU.ActiveCfg = Debug|Any CPU
		{4B27D011-A518-471B-A224-B89BFD8F92CA}.Debug|Any CPU.Build.0 = Debug|Any CPU
		{4B27D011-A518-471B-A224-B89BFD8F92CA}.Release|Any CPU.ActiveCfg = Release|Any CPU
		{4B27D011-A518-471B-A224-B89BFD8F92CA}.Release|Any CPU.Build.0 = Release|Any CPU
		{EB8F2D0B-5C98-4033-B1A9-9E0C0CEB75A7}.Debug|Any CPU.ActiveCfg = Debug|Any CPU
		{EB8F2D0B-5C98-4033-B1A9-9E0C0CEB75A7}.Debug|Any CPU.Build.0 = Debug|Any CPU
		{EB8F2D0B-5C98-4033-B1A9-9E0C0CEB75A7}.Release|Any CPU.ActiveCfg = Release|Any CPU
		{EB8F2D0B-5C98-4033-B1A9-9E0C0CEB75A7}.Release|Any CPU.Build.0 = Release|Any CPU
	EndGlobalSection
	GlobalSection(SolutionProperties) = preSolution
		HideSolutionNode = FALSE
	EndGlobalSection
EndGlobal
