
Microsoft Visual Studio Solution File, Format Version 12.00
# Visual Studio 2013
VisualStudioVersion = 12.0.31101.0
MinimumVisualStudioVersion = 10.0.40219.1
Project("{FAE04EC0-301F-11D3-BF4B-00C04F79EFBC}") = "1.HeadBycicleAndHouse", "HeadBycicleAndHouse\1.HeadBycicleAndHouse.csproj", "{67581721-8F22-4D74-B139-AD32F76C86B6}"
EndProject
Global
	GlobalSection(SolutionConfigurationPlatforms) = preSolution
		Debug|Any CPU = Debug|Any CPU
		Release|Any CPU = Release|Any CPU
	EndGlobalSection
	GlobalSection(ProjectConfigurationPlatforms) = postSolution
		{67581721-8F22-4D74-B139-AD32F76C86B6}.Debug|Any CPU.ActiveCfg = Debug|Any CPU
		{67581721-8F22-4D74-B139-AD32F76C86B6}.Debug|Any CPU.Build.0 = Debug|Any CPU
		{67581721-8F22-4D74-B139-AD32F76C86B6}.Release|Any CPU.ActiveCfg = Release|Any CPU
		{67581721-8F22-4D74-B139-AD32F76C86B6}.Release|Any CPU.Build.0 = Release|Any CPU
	EndGlobalSection
	GlobalSection(SolutionProperties) = preSolution
		HideSolutionNode = FALSE
	EndGlobalSection
EndGlobal
