
Microsoft Visual Studio Solution File, Format Version 12.00
# Visual Studio 2013
VisualStudioVersion = 12.0.31101.0
MinimumVisualStudioVersion = 10.0.40219.1
Project("{FAE04EC0-301F-11D3-BF4B-00C04F79EFBC}") = "01.DeclareVariables", "DeclareVariables\01.DeclareVariables.csproj", "{D27D9CE5-4E5B-4DA6-BD5B-6A2618C5A861}"
EndProject
Project("{FAE04EC0-301F-11D3-BF4B-00C04F79EFBC}") = "02.FloatOrDouble", "FloatOrDouble\02.FloatOrDouble.csproj", "{BA0902C4-D002-4184-A610-6EA19F2F53D9}"
EndProject
Project("{FAE04EC0-301F-11D3-BF4B-00C04F79EFBC}") = "03.VariableInHexFormat", "VariableInHexFormat\03.VariableInHexFormat.csproj", "{D9272599-F20C-4B2F-9E07-32C170FF2FD2}"
EndProject
Project("{FAE04EC0-301F-11D3-BF4B-00C04F79EFBC}") = "04.UnicodeCharacter", "UnicodeCharacter\04.UnicodeCharacter.csproj", "{B9EB7310-1245-4790-A38B-381E18954AFA}"
EndProject
Project("{FAE04EC0-301F-11D3-BF4B-00C04F79EFBC}") = "05.BooleanVariable", "BooleanVariable\05.BooleanVariable.csproj", "{C5183A66-4102-473B-9810-10566D75DE01}"
EndProject
Project("{FAE04EC0-301F-11D3-BF4B-00C04F79EFBC}") = "06.StringsAndObjects", "StringsAndObjects\06.StringsAndObjects.csproj", "{A2C807CA-D90F-4A90-8B2D-36AB432B3632}"
EndProject
Project("{FAE04EC0-301F-11D3-BF4B-00C04F79EFBC}") = "07.QuotesInStrings", "QuotesInStrings\07.QuotesInStrings.csproj", "{2A1128F7-BA49-4BA3-B392-E68B29F458C9}"
EndProject
Project("{FAE04EC0-301F-11D3-BF4B-00C04F79EFBC}") = "08.IsoscelesTriangle", "IsoscelesTriangle\08.IsoscelesTriangle.csproj", "{FE479082-F530-4215-90DC-923A61434099}"
EndProject
Project("{FAE04EC0-301F-11D3-BF4B-00C04F79EFBC}") = "09.ExchangeVariableValues", "ExchangeVariableValues\09.ExchangeVariableValues.csproj", "{EF71FF31-C68F-4EFE-8A01-B9459D454B84}"
EndProject
Project("{FAE04EC0-301F-11D3-BF4B-00C04F79EFBC}") = "10.EmployeeData", "EmployeeData\10.EmployeeData.csproj", "{E4BDF558-E0FF-4D90-9847-8B343B840EDF}"
EndProject
Project("{FAE04EC0-301F-11D3-BF4B-00C04F79EFBC}") = "11.BankAccountData", "BankAccountData\11.BankAccountData.csproj", "{4832D5B6-7340-45C1-936F-5BC4D63EA827}"
EndProject
Project("{FAE04EC0-301F-11D3-BF4B-00C04F79EFBC}") = "12.NullValuesArithmetic", "NullValuesArithmetic\12.NullValuesArithmetic.csproj", "{26F61B95-CD4D-4DD1-B91B-5C0012B7EDCD}"
EndProject
Project("{FAE04EC0-301F-11D3-BF4B-00C04F79EFBC}") = "13.ComparingFloats", "ComparingFloats\13.ComparingFloats.csproj", "{57F83A85-B122-4312-871F-C8FD4EF5A50F}"
EndProject
Project("{FAE04EC0-301F-11D3-BF4B-00C04F79EFBC}") = "14.PrintTheASCIITable", "PrintTheASCIITable\14.PrintTheASCIITable.csproj", "{A30065CE-B83A-4236-8CCB-9B1596BFD994}"
EndProject
Global
	GlobalSection(SolutionConfigurationPlatforms) = preSolution
		Debug|Any CPU = Debug|Any CPU
		Release|Any CPU = Release|Any CPU
	EndGlobalSection
	GlobalSection(ProjectConfigurationPlatforms) = postSolution
		{D27D9CE5-4E5B-4DA6-BD5B-6A2618C5A861}.Debug|Any CPU.ActiveCfg = Debug|Any CPU
		{D27D9CE5-4E5B-4DA6-BD5B-6A2618C5A861}.Debug|Any CPU.Build.0 = Debug|Any CPU
		{D27D9CE5-4E5B-4DA6-BD5B-6A2618C5A861}.Release|Any CPU.ActiveCfg = Release|Any CPU
		{D27D9CE5-4E5B-4DA6-BD5B-6A2618C5A861}.Release|Any CPU.Build.0 = Release|Any CPU
		{BA0902C4-D002-4184-A610-6EA19F2F53D9}.Debug|Any CPU.ActiveCfg = Debug|Any CPU
		{BA0902C4-D002-4184-A610-6EA19F2F53D9}.Debug|Any CPU.Build.0 = Debug|Any CPU
		{BA0902C4-D002-4184-A610-6EA19F2F53D9}.Release|Any CPU.ActiveCfg = Release|Any CPU
		{BA0902C4-D002-4184-A610-6EA19F2F53D9}.Release|Any CPU.Build.0 = Release|Any CPU
		{D9272599-F20C-4B2F-9E07-32C170FF2FD2}.Debug|Any CPU.ActiveCfg = Debug|Any CPU
		{D9272599-F20C-4B2F-9E07-32C170FF2FD2}.Debug|Any CPU.Build.0 = Debug|Any CPU
		{D9272599-F20C-4B2F-9E07-32C170FF2FD2}.Release|Any CPU.ActiveCfg = Release|Any CPU
		{D9272599-F20C-4B2F-9E07-32C170FF2FD2}.Release|Any CPU.Build.0 = Release|Any CPU
		{B9EB7310-1245-4790-A38B-381E18954AFA}.Debug|Any CPU.ActiveCfg = Debug|Any CPU
		{B9EB7310-1245-4790-A38B-381E18954AFA}.Debug|Any CPU.Build.0 = Debug|Any CPU
		{B9EB7310-1245-4790-A38B-381E18954AFA}.Release|Any CPU.ActiveCfg = Release|Any CPU
		{B9EB7310-1245-4790-A38B-381E18954AFA}.Release|Any CPU.Build.0 = Release|Any CPU
		{C5183A66-4102-473B-9810-10566D75DE01}.Debug|Any CPU.ActiveCfg = Debug|Any CPU
		{C5183A66-4102-473B-9810-10566D75DE01}.Debug|Any CPU.Build.0 = Debug|Any CPU
		{C5183A66-4102-473B-9810-10566D75DE01}.Release|Any CPU.ActiveCfg = Release|Any CPU
		{C5183A66-4102-473B-9810-10566D75DE01}.Release|Any CPU.Build.0 = Release|Any CPU
		{A2C807CA-D90F-4A90-8B2D-36AB432B3632}.Debug|Any CPU.ActiveCfg = Debug|Any CPU
		{A2C807CA-D90F-4A90-8B2D-36AB432B3632}.Debug|Any CPU.Build.0 = Debug|Any CPU
		{A2C807CA-D90F-4A90-8B2D-36AB432B3632}.Release|Any CPU.ActiveCfg = Release|Any CPU
		{A2C807CA-D90F-4A90-8B2D-36AB432B3632}.Release|Any CPU.Build.0 = Release|Any CPU
		{2A1128F7-BA49-4BA3-B392-E68B29F458C9}.Debug|Any CPU.ActiveCfg = Debug|Any CPU
		{2A1128F7-BA49-4BA3-B392-E68B29F458C9}.Debug|Any CPU.Build.0 = Debug|Any CPU
		{2A1128F7-BA49-4BA3-B392-E68B29F458C9}.Release|Any CPU.ActiveCfg = Release|Any CPU
		{2A1128F7-BA49-4BA3-B392-E68B29F458C9}.Release|Any CPU.Build.0 = Release|Any CPU
		{FE479082-F530-4215-90DC-923A61434099}.Debug|Any CPU.ActiveCfg = Debug|Any CPU
		{FE479082-F530-4215-90DC-923A61434099}.Debug|Any CPU.Build.0 = Debug|Any CPU
		{FE479082-F530-4215-90DC-923A61434099}.Release|Any CPU.ActiveCfg = Release|Any CPU
		{FE479082-F530-4215-90DC-923A61434099}.Release|Any CPU.Build.0 = Release|Any CPU
		{EF71FF31-C68F-4EFE-8A01-B9459D454B84}.Debug|Any CPU.ActiveCfg = Debug|Any CPU
		{EF71FF31-C68F-4EFE-8A01-B9459D454B84}.Debug|Any CPU.Build.0 = Debug|Any CPU
		{EF71FF31-C68F-4EFE-8A01-B9459D454B84}.Release|Any CPU.ActiveCfg = Release|Any CPU
		{EF71FF31-C68F-4EFE-8A01-B9459D454B84}.Release|Any CPU.Build.0 = Release|Any CPU
		{E4BDF558-E0FF-4D90-9847-8B343B840EDF}.Debug|Any CPU.ActiveCfg = Debug|Any CPU
		{E4BDF558-E0FF-4D90-9847-8B343B840EDF}.Debug|Any CPU.Build.0 = Debug|Any CPU
		{E4BDF558-E0FF-4D90-9847-8B343B840EDF}.Release|Any CPU.ActiveCfg = Release|Any CPU
		{E4BDF558-E0FF-4D90-9847-8B343B840EDF}.Release|Any CPU.Build.0 = Release|Any CPU
		{4832D5B6-7340-45C1-936F-5BC4D63EA827}.Debug|Any CPU.ActiveCfg = Debug|Any CPU
		{4832D5B6-7340-45C1-936F-5BC4D63EA827}.Debug|Any CPU.Build.0 = Debug|Any CPU
		{4832D5B6-7340-45C1-936F-5BC4D63EA827}.Release|Any CPU.ActiveCfg = Release|Any CPU
		{4832D5B6-7340-45C1-936F-5BC4D63EA827}.Release|Any CPU.Build.0 = Release|Any CPU
		{26F61B95-CD4D-4DD1-B91B-5C0012B7EDCD}.Debug|Any CPU.ActiveCfg = Debug|Any CPU
		{26F61B95-CD4D-4DD1-B91B-5C0012B7EDCD}.Debug|Any CPU.Build.0 = Debug|Any CPU
		{26F61B95-CD4D-4DD1-B91B-5C0012B7EDCD}.Release|Any CPU.ActiveCfg = Release|Any CPU
		{26F61B95-CD4D-4DD1-B91B-5C0012B7EDCD}.Release|Any CPU.Build.0 = Release|Any CPU
		{57F83A85-B122-4312-871F-C8FD4EF5A50F}.Debug|Any CPU.ActiveCfg = Debug|Any CPU
		{57F83A85-B122-4312-871F-C8FD4EF5A50F}.Debug|Any CPU.Build.0 = Debug|Any CPU
		{57F83A85-B122-4312-871F-C8FD4EF5A50F}.Release|Any CPU.ActiveCfg = Release|Any CPU
		{57F83A85-B122-4312-871F-C8FD4EF5A50F}.Release|Any CPU.Build.0 = Release|Any CPU
		{A30065CE-B83A-4236-8CCB-9B1596BFD994}.Debug|Any CPU.ActiveCfg = Debug|Any CPU
		{A30065CE-B83A-4236-8CCB-9B1596BFD994}.Debug|Any CPU.Build.0 = Debug|Any CPU
		{A30065CE-B83A-4236-8CCB-9B1596BFD994}.Release|Any CPU.ActiveCfg = Release|Any CPU
		{A30065CE-B83A-4236-8CCB-9B1596BFD994}.Release|Any CPU.Build.0 = Release|Any CPU
	EndGlobalSection
	GlobalSection(SolutionProperties) = preSolution
		HideSolutionNode = FALSE
	EndGlobalSection
EndGlobal
